// !$*UTF8*$!
{
	archiveVersion = 1;
	classes = {
	};
	objectVersion = 46;
	objects = {

/* Begin PBXBuildFile section */
		450C0A2A1E2864C9003C4D81 /* AppDelegate.swift in Sources */ = {isa = PBXBuildFile; fileRef = 450C0A291E2864C9003C4D81 /* AppDelegate.swift */; };
		450C0A2C1E2864C9003C4D81 /* ViewController.swift in Sources */ = {isa = PBXBuildFile; fileRef = 450C0A2B1E2864C9003C4D81 /* ViewController.swift */; };
		450C0A2F1E2864C9003C4D81 /* Main.storyboard in Resources */ = {isa = PBXBuildFile; fileRef = 450C0A2D1E2864C9003C4D81 /* Main.storyboard */; };
		450C0A311E2864C9003C4D81 /* Assets.xcassets in Resources */ = {isa = PBXBuildFile; fileRef = 450C0A301E2864C9003C4D81 /* Assets.xcassets */; };
		450C0A341E2864C9003C4D81 /* LaunchScreen.storyboard in Resources */ = {isa = PBXBuildFile; fileRef = 450C0A321E2864C9003C4D81 /* LaunchScreen.storyboard */; };
/* End PBXBuildFile section */

/* Begin PBXFileReference section */
		450C0A261E2864C9003C4D81 /* DouYu.app */ = {isa = PBXFileReference; explicitFileType = wrapper.application; includeInIndex = 0; path = DouYu.app; sourceTree = BUILT_PRODUCTS_DIR; };
		450C0A291E2864C9003C4D81 /* AppDelegate.swift */ = {isa = PBXFileReference; lastKnownFileType = sourcecode.swift; path = AppDelegate.swift; sourceTree = "<group>"; };
		450C0A2B1E2864C9003C4D81 /* ViewController.swift */ = {isa = PBXFileReference; lastKnownFileType = sourcecode.swift; path = ViewController.swift; sourceTree = "<group>"; };
		450C0A2E1E2864C9003C4D81 /* Base */ = {isa = PBXFileReference; lastKnownFileType = file.storyboard; name = Base; path = Base.lproj/Main.storyboard; sourceTree = "<group>"; };
		450C0A301E2864C9003C4D81 /* Assets.xcassets */ = {isa = PBXFileReference; lastKnownFileType = folder.assetcatalog; path = Assets.xcassets; sourceTree = "<group>"; };
		450C0A331E2864C9003C4D81 /* Base */ = {isa = PBXFileReference; lastKnownFileType = file.storyboard; name = Base; path = Base.lproj/LaunchScreen.storyboard; sourceTree = "<group>"; };
		450C0A351E2864C9003C4D81 /* Info.plist */ = {isa = PBXFileReference; lastKnownFileType = text.plist.xml; path = Info.plist; sourceTree = "<group>"; };
/* End PBXFileReference section */

/* Begin PBXFrameworksBuildPhase section */
		450C0A231E2864C9003C4D81 /* Frameworks */ = {
			isa = PBXFrameworksBuildPhase;
			buildActionMask = 2147483647;
			files = (
			);
			runOnlyForDeploymentPostprocessing = 0;
		};
/* End PBXFrameworksBuildPhase section */

/* Begin PBXGroup section */
		450C0A1D1E2864C9003C4D81 = {
			isa = PBXGroup;
			children = (
				450C0A281E2864C9003C4D81 /* DouYu */,
				450C0A271E2864C9003C4D81 /* Products */,
			);
			sourceTree = "<group>";
		};
		450C0A271E2864C9003C4D81 /* Products */ = {
			isa = PBXGroup;
			children = (
				450C0A261E2864C9003C4D81 /* DouYu.app */,
			);
			name = Products;
			sourceTree = "<group>";
		};
		450C0A281E2864C9003C4D81 /* DouYu */ = {
			isa = PBXGroup;
			children = (
				450C0A291E2864C9003C4D81 /* AppDelegate.swift */,
				450C0A2B1E2864C9003C4D81 /* ViewController.swift */,
				450C0A2D1E2864C9003C4D81 /* Main.storyboard */,
				450C0A301E2864C9003C4D81 /* Assets.xcassets */,
				450C0A321E2864C9003C4D81 /* LaunchScreen.storyboard */,
				450C0A351E2864C9003C4D81 /* Info.plist */,
			);
			path = DouYu;
			sourceTree = "<group>";
		};
/* End PBXGroup section */

/* Begin PBXNativeTarget section */
		450C0A251E2864C9003C4D81 /* DouYu */ = {
			isa = PBXNativeTarget;
			buildConfigurationList = 450C0A381E2864C9003C4D81 /* Build configuration list for PBXNativeTarget "DouYu" */;
			buildPhases = (
				450C0A221E2864C9003C4D81 /* Sources */,
				450C0A231E2864C9003C4D81 /* Frameworks */,
				450C0A241E2864C9003C4D81 /* Resources */,
			);
			buildRules = (
			);
			dependencies = (
			);
			name = DouYu;
			productName = DouYu;
			productReference = 450C0A261E2864C9003C4D81 /* DouYu.app */;
			productType = "com.apple.product-type.application";
		};
/* End PBXNativeTarget section */

/* Begin PBXProject section */
		450C0A1E1E2864C9003C4D81 /* Project object */ = {
			isa = PBXProject;
			attributes = {
				LastSwiftUpdateCheck = 0730;
				LastUpgradeCheck = 0730;
				ORGANIZATIONNAME = hongxinli;
				TargetAttributes = {
					450C0A251E2864C9003C4D81 = {
						CreatedOnToolsVersion = 7.3.1;
						DevelopmentTeam = M4P44B29F3;
					};
				};
			};
			buildConfigurationList = 450C0A211E2864C9003C4D81 /* Build configuration list for PBXProject "DouYu" */;
			compatibilityVersion = "Xcode 3.2";
			developmentRegion = English;
			hasScannedForEncodings = 0;
			knownRegions = (
				en,
				Base,
			);
			mainGroup = 450C0A1D1E2864C9003C4D81;
			productRefGroup = 450C0A271E2864C9003C4D81 /* Products */;
			projectDirPath = "";
			projectRoot = "";
			targets = (
				450C0A251E2864C9003C4D81 /* DouYu */,
			);
		};
/* End PBXProject section */

/* Begin PBXResourcesBuildPhase section */
		450C0A241E2864C9003C4D81 /* Resources */ = {
			isa = PBXResourcesBuildPhase;
			buildActionMask = 2147483647;
			files = (
				450C0A341E2864C9003C4D81 /* LaunchScreen.storyboard in Resources */,
				450C0A311E2864C9003C4D81 /* Assets.xcassets in Resources */,
				450C0A2F1E2864C9003C4D81 /* Main.storyboard in Resources */,
			);
			runOnlyForDeploymentPostprocessing = 0;
		};
/* End PBXResourcesBuildPhase section */

/* Begin PBXSourcesBuildPhase section */
		450C0A221E2864C9003C4D81 /* Sources */ = {
			isa = PBXSourcesBuildPhase;
			buildActionMask = 2147483647;
			files = (
				450C0A2C1E2864C9003C4D81 /* ViewController.swift in Sources */,
				450C0A2A1E2864C9003C4D81 /* AppDelegate.swift in Sources */,
			);
			runOnlyForDeploymentPostprocessing = 0;
		};
/* End PBXSourcesBuildPhase section */

/* Begin PBXVariantGroup section */
		450C0A2D1E2864C9003C4D81 /* Main.storyboard */ = {
			isa = PBXVariantGroup;
			children = (
				450C0A2E1E2864C9003C4D81 /* Base */,
			);
			name = Main.storyboard;
			sourceTree = "<group>";
		};
		450C0A321E2864C9003C4D81 /* LaunchScreen.storyboard */ = {
			isa = PBXVariantGroup;
			children = (
				450C0A331E2864C9003C4D81 /* Base */,
			);
			name = LaunchScreen.storyboard;
			sourceTree = "<group>";
		};
/* End PBXVariantGroup section */

/* Begin XCBuildConfiguration section */
		450C0A361E2864C9003C4D81 /* Debug */ = {
			isa = XCBuildConfiguration;
			buildSettings = {
				ALWAYS_SEARCH_USER_PATHS = NO;
				CLANG_ANALYZER_NONNULL = YES;
				CLANG_CXX_LANGUAGE_STANDARD = "gnu++0x";
				CLANG_CXX_LIBRARY = "libc++";
				CLANG_ENABLE_MODULES = YES;
				CLANG_ENABLE_OBJC_ARC = YES;
				CLANG_WARN_BOOL_CONVERSION = YES;
				CLANG_WARN_CONSTANT_CONVERSION = YES;
				CLANG_WARN_DIRECT_OBJC_ISA_USAGE = YES_ERROR;
				CLANG_WARN_EMPTY_BODY = YES;
				CLANG_WARN_ENUM_CONVERSION = YES;
				CLANG_WARN_INT_CONVERSION = YES;
				CLANG_WARN_OBJC_ROOT_CLASS = YES_ERROR;
				CLANG_WARN_UNREACHABLE_CODE = YES;
				CLANG_WARN__DUPLICATE_METHOD_MATCH = YES;
				"CODE_SIGN_IDENTITY[sdk=iphoneos*]" = "iPhone Developer";
				COPY_PHASE_STRIP = NO;
				DEBUG_INFORMATION_FORMAT = dwarf;
				ENABLE_STRICT_OBJC_MSGSEND = YES;
				ENABLE_TESTABILITY = YES;
				GCC_C_LANGUAGE_STANDARD = gnu99;
				GCC_DYNAMIC_NO_PIC = NO;
				GCC_NO_COMMON_BLOCKS = YES;
				GCC_OPTIMIZATION_LEVEL = 0;
				GCC_PREPROCESSOR_DEFINITIONS = (
					"DEBUG=1",
					"$(inherited)",
				);
				GCC_WARN_64_TO_32_BIT_CONVERSION = YES;
				GCC_WARN_ABOUT_RETURN_TYPE = YES_ERROR;
				GCC_WARN_UNDECLARED_SELECTOR = YES;
				GCC_WARN_UNINITIALIZED_AUTOS = YES_AGGRESSIVE;
				GCC_WARN_UNUSED_FUNCTION = YES;
				GCC_WARN_UNUSED_VARIABLE = YES;
				IPHONEOS_DEPLOYMENT_TARGET = 9.3;
				MTL_ENABLE_DEBUG_INFO = YES;
				ONLY_ACTIVE_ARCH = YES;
				SDKROOT = iphoneos;
				SWIFT_OPTIMIZATION_LEVEL = "-Onone";
				TARGETED_DEVICE_FAMILY = "1,2";
			};
			name = Debug;
		};
		450C0A371E2864C9003C4D81 /* Release */ = {
			isa = XCBuildConfiguration;
			buildSettings = {
				ALWAYS_SEARCH_USER_PATHS = NO;
				CLANG_ANALYZER_NONNULL = YES;
				CLANG_CXX_LANGUAGE_STANDARD = "gnu++0x";
				CLANG_CXX_LIBRARY = "libc++";
				CLANG_ENABLE_MODULES = YES;
				CLANG_ENABLE_OBJC_ARC = YES;
				CLANG_WARN_BOOL_CONVERSION = YES;
				CLANG_WARN_CONSTANT_CONVERSION = YES;
				CLANG_WARN_DIRECT_OBJC_ISA_USAGE = YES_ERROR;
				CLANG_WARN_EMPTY_BODY = YES;
				CLANG_WARN_ENUM_CONVERSION = YES;
				CLANG_WARN_INT_CONVERSION = YES;
				CLANG_WARN_OBJC_ROOT_CLASS = YES_ERROR;
				CLANG_WARN_UNREACHABLE_CODE = YES;
				CLANG_WARN__DUPLICATE_METHOD_MATCH = YES;
				"CODE_SIGN_IDENTITY[sdk=iphoneos*]" = "iPhone Developer";
				COPY_PHASE_STRIP = NO;
				DEBUG_INFORMATION_FORMAT = "dwarf-with-dsym";
				ENABLE_NS_ASSERTIONS = NO;
				ENABLE_STRICT_OBJC_MSGSEND = YES;
				GCC_C_LANGUAGE_STANDARD = gnu99;
				GCC_NO_COMMON_BLOCKS = YES;
				GCC_WARN_64_TO_32_BIT_CONVERSION = YES;
				GCC_WARN_ABOUT_RETURN_TYPE = YES_ERROR;
				GCC_WARN_UNDECLARED_SELECTOR = YES;
				GCC_WARN_UNINITIALIZED_AUTOS = YES_AGGRESSIVE;
				GCC_WARN_UNUSED_FUNCTION = YES;
				GCC_WARN_UNUSED_VARIABLE = YES;
				IPHONEOS_DEPLOYMENT_TARGET = 9.3;
				MTL_ENABLE_DEBUG_INFO = NO;
				SDKROOT = iphoneos;
				TARGETED_DEVICE_FAMILY = "1,2";
				VALIDATE_PRODUCT = YES;
			};
			name = Release;
		};
		450C0A391E2864C9003C4D81 /* Debug */ = {
			isa = XCBuildConfiguration;
			buildSettings = {
				ASSETCATALOG_COMPILER_APPICON_NAME = AppIcon;
				INFOPLIST_FILE = DouYu/Info.plist;
				LD_RUNPATH_SEARCH_PATHS = "$(inherited) @executable_path/Frameworks";
				PRODUCT_BUNDLE_IDENTIFIER = www.tools.text.DouYu;
				PRODUCT_NAME = "$(TARGET_NAME)";
			};
			name = Debug;
		};
		450C0A3A1E2864C9003C4D81 /* Release */ = {
			isa = XCBuildConfiguration;
			buildSettings = {
				ASSETCATALOG_COMPILER_APPICON_NAME = AppIcon;
				INFOPLIST_FILE = DouYu/Info.plist;
				LD_RUNPATH_SEARCH_PATHS = "$(inherited) @executable_path/Frameworks";
				PRODUCT_BUNDLE_IDENTIFIER = www.tools.text.DouYu;
				PRODUCT_NAME = "$(TARGET_NAME)";
			};
			name = Release;
		};
/* End XCBuildConfiguration section */

/* Begin XCConfigurationList section */
		450C0A211E2864C9003C4D81 /* Build configuration list for PBXProject "DouYu" */ = {
			isa = XCConfigurationList;
			buildConfigurations = (
				450C0A361E2864C9003C4D81 /* Debug */,
				450C0A371E2864C9003C4D81 /* Release */,
			);
			defaultConfigurationIsVisible = 0;
			defaultConfigurationName = Release;
		};
		450C0A381E2864C9003C4D81 /* Build configuration list for PBXNativeTarget "DouYu" */ = {
			isa = XCConfigurationList;
			buildConfigurations = (
				450C0A391E2864C9003C4D81 /* Debug */,
				450C0A3A1E2864C9003C4D81 /* Release */,
			);
			defaultConfigurationIsVisible = 0;
		};
/* End XCConfigurationList section */
	};
	rootObject = 450C0A1E1E2864C9003C4D81 /* Project object */;
}
